
Microsoft Visual Studio Solution File, Format Version 12.00
Project("{FAE04EC0-301F-11D3-BF4B-00C04F79EFBC}") = "ExamenBoeriuCosmin", "ExamenBoeriuCosmin\ExamenBoeriuCosmin.csproj", "{133321C2-E3FD-40CE-9387-11AF8799E3CC}"
EndProject
Global
	GlobalSection(SolutionConfigurationPlatforms) = preSolution
		Debug|Any CPU = Debug|Any CPU
		Release|Any CPU = Release|Any CPU
	EndGlobalSection
	GlobalSection(ProjectConfigurationPlatforms) = postSolution
		{133321C2-E3FD-40CE-9387-11AF8799E3CC}.Debug|Any CPU.ActiveCfg = Debug|Any CPU
		{133321C2-E3FD-40CE-9387-11AF8799E3CC}.Debug|Any CPU.Build.0 = Debug|Any CPU
		{133321C2-E3FD-40CE-9387-11AF8799E3CC}.Release|Any CPU.ActiveCfg = Release|Any CPU
		{133321C2-E3FD-40CE-9387-11AF8799E3CC}.Release|Any CPU.Build.0 = Release|Any CPU
	EndGlobalSection
EndGlobal
